
Microsoft Visual Studio Solution File, Format Version 12.00
# Visual Studio Version 16
VisualStudioVersion = 16.0.30517.126
MinimumVisualStudioVersion = 10.0.40219.1
Project("{FAE04EC0-301F-11D3-BF4B-00C04F79EFBC}") = "SimplyRugby", "SimplyRugby.csproj", "{7001D8EB-96D4-4EA8-A277-302E73C92823}"
EndProject
Global
	GlobalSection(SolutionConfigurationPlatforms) = preSolution
		Debug|Any CPU = Debug|Any CPU
		Release|Any CPU = Release|Any CPU
	EndGlobalSection
	GlobalSection(ProjectConfigurationPlatforms) = postSolution
		{7001D8EB-96D4-4EA8-A277-302E73C92823}.Debug|Any CPU.ActiveCfg = Debug|Any CPU
		{7001D8EB-96D4-4EA8-A277-302E73C92823}.Debug|Any CPU.Build.0 = Debug|Any CPU
		{7001D8EB-96D4-4EA8-A277-302E73C92823}.Release|Any CPU.ActiveCfg = Release|Any CPU
		{7001D8EB-96D4-4EA8-A277-302E73C92823}.Release|Any CPU.Build.0 = Release|Any CPU
	EndGlobalSection
	GlobalSection(SolutionProperties) = preSolution
		HideSolutionNode = FALSE
	EndGlobalSection
	GlobalSection(ExtensibilityGlobals) = postSolution
		SolutionGuid = {6581F94F-F1B7-42AB-8D95-E01343020028}
	EndGlobalSection
EndGlobal
